
Microsoft Visual Studio Solution File, Format Version 12.00
# Visual Studio Version 17
VisualStudioVersion = 17.0.31912.275
MinimumVisualStudioVersion = 10.0.40219.1
Project("{FAE04EC0-301F-11D3-BF4B-00C04F79EFBC}") = "PizzaShop.Orleans.Server", "PizzaShop.Orleans.Server\PizzaShop.Orleans.Server.csproj", "{5F2E78C4-19F7-4F2C-9D8B-3F2F97D53B2B}"
EndProject
Project("{FAE04EC0-301F-11D3-BF4B-00C04F79EFBC}") = "PizzaShop.Orleans.Library", "PizzaShop.Orleans.Library\PizzaShop.Orleans.Library.csproj", "{A1B2C3D4-E5F6-47A8-9B0C-1D2E3F4A5B6C}"
EndProject
Project("{FAE04EC0-301F-11D3-BF4B-00C04F79EFBC}") = "PizzaShop.Orleans.Tests", "PizzaShop.Orleans.Tests\PizzaShop.Orleans.Tests.csproj", "{0C1B2A3D-4E5F-6071-8293-A4B5C6D7E8F9}"
EndProject
Project("{FAE04EC0-301F-11D3-BF4B-00C04F79EFBC}") = "PizzaShop.Aspire", "PizzaShop.Aspire\PizzaShop.Aspire.csproj", "{2D25D5F7-0C3E-4A14-9D93-8F2C1D6D0D1B}"
EndProject
Project("{FAE04EC0-301F-11D3-BF4B-00C04F79EFBC}") = "PizzaShop.Web.Bff", "PizzaShop.Web.Bff\PizzaShop.Web.Bff.csproj", "{9D4927A5-E582-45CF-9DC8-9FB5BC7A6C26}"
EndProject
Global
	GlobalSection(SolutionConfigurationPlatforms) = preSolution
		Debug|Any CPU = Debug|Any CPU
		Debug|x64 = Debug|x64
		Debug|x86 = Debug|x86
		Release|Any CPU = Release|Any CPU
		Release|x64 = Release|x64
		Release|x86 = Release|x86
	EndGlobalSection
	GlobalSection(ProjectConfigurationPlatforms) = postSolution
		{5F2E78C4-19F7-4F2C-9D8B-3F2F97D53B2B}.Debug|Any CPU.ActiveCfg = Debug|Any CPU
		{5F2E78C4-19F7-4F2C-9D8B-3F2F97D53B2B}.Debug|Any CPU.Build.0 = Debug|Any CPU
		{5F2E78C4-19F7-4F2C-9D8B-3F2F97D53B2B}.Debug|x64.ActiveCfg = Debug|Any CPU
		{5F2E78C4-19F7-4F2C-9D8B-3F2F97D53B2B}.Debug|x64.Build.0 = Debug|Any CPU
		{5F2E78C4-19F7-4F2C-9D8B-3F2F97D53B2B}.Debug|x86.ActiveCfg = Debug|Any CPU
		{5F2E78C4-19F7-4F2C-9D8B-3F2F97D53B2B}.Debug|x86.Build.0 = Debug|Any CPU
		{5F2E78C4-19F7-4F2C-9D8B-3F2F97D53B2B}.Release|Any CPU.ActiveCfg = Release|Any CPU
		{5F2E78C4-19F7-4F2C-9D8B-3F2F97D53B2B}.Release|Any CPU.Build.0 = Release|Any CPU
		{5F2E78C4-19F7-4F2C-9D8B-3F2F97D53B2B}.Release|x64.ActiveCfg = Release|Any CPU
		{5F2E78C4-19F7-4F2C-9D8B-3F2F97D53B2B}.Release|x64.Build.0 = Release|Any CPU
		{5F2E78C4-19F7-4F2C-9D8B-3F2F97D53B2B}.Release|x86.ActiveCfg = Release|Any CPU
		{5F2E78C4-19F7-4F2C-9D8B-3F2F97D53B2B}.Release|x86.Build.0 = Release|Any CPU
		{A1B2C3D4-E5F6-47A8-9B0C-1D2E3F4A5B6C}.Debug|Any CPU.ActiveCfg = Debug|Any CPU
		{A1B2C3D4-E5F6-47A8-9B0C-1D2E3F4A5B6C}.Debug|Any CPU.Build.0 = Debug|Any CPU
		{A1B2C3D4-E5F6-47A8-9B0C-1D2E3F4A5B6C}.Debug|x64.ActiveCfg = Debug|Any CPU
		{A1B2C3D4-E5F6-47A8-9B0C-1D2E3F4A5B6C}.Debug|x64.Build.0 = Debug|Any CPU
		{A1B2C3D4-E5F6-47A8-9B0C-1D2E3F4A5B6C}.Debug|x86.ActiveCfg = Debug|Any CPU
		{A1B2C3D4-E5F6-47A8-9B0C-1D2E3F4A5B6C}.Debug|x86.Build.0 = Debug|Any CPU
		{A1B2C3D4-E5F6-47A8-9B0C-1D2E3F4A5B6C}.Release|Any CPU.ActiveCfg = Release|Any CPU
		{A1B2C3D4-E5F6-47A8-9B0C-1D2E3F4A5B6C}.Release|Any CPU.Build.0 = Release|Any CPU
		{A1B2C3D4-E5F6-47A8-9B0C-1D2E3F4A5B6C}.Release|x64.ActiveCfg = Release|Any CPU
		{A1B2C3D4-E5F6-47A8-9B0C-1D2E3F4A5B6C}.Release|x64.Build.0 = Release|Any CPU
		{A1B2C3D4-E5F6-47A8-9B0C-1D2E3F4A5B6C}.Release|x86.ActiveCfg = Release|Any CPU
		{A1B2C3D4-E5F6-47A8-9B0C-1D2E3F4A5B6C}.Release|x86.Build.0 = Release|Any CPU
		{0C1B2A3D-4E5F-6071-8293-A4B5C6D7E8F9}.Debug|Any CPU.ActiveCfg = Debug|Any CPU
		{0C1B2A3D-4E5F-6071-8293-A4B5C6D7E8F9}.Debug|Any CPU.Build.0 = Debug|Any CPU
		{0C1B2A3D-4E5F-6071-8293-A4B5C6D7E8F9}.Debug|x64.ActiveCfg = Debug|Any CPU
		{0C1B2A3D-4E5F-6071-8293-A4B5C6D7E8F9}.Debug|x64.Build.0 = Debug|Any CPU
		{0C1B2A3D-4E5F-6071-8293-A4B5C6D7E8F9}.Debug|x86.ActiveCfg = Debug|Any CPU
		{0C1B2A3D-4E5F-6071-8293-A4B5C6D7E8F9}.Debug|x86.Build.0 = Debug|Any CPU
		{0C1B2A3D-4E5F-6071-8293-A4B5C6D7E8F9}.Release|Any CPU.ActiveCfg = Release|Any CPU
		{0C1B2A3D-4E5F-6071-8293-A4B5C6D7E8F9}.Release|Any CPU.Build.0 = Release|Any CPU
		{0C1B2A3D-4E5F-6071-8293-A4B5C6D7E8F9}.Release|x64.ActiveCfg = Release|Any CPU
		{0C1B2A3D-4E5F-6071-8293-A4B5C6D7E8F9}.Release|x64.Build.0 = Release|Any CPU
		{0C1B2A3D-4E5F-6071-8293-A4B5C6D7E8F9}.Release|x86.ActiveCfg = Release|Any CPU
		{0C1B2A3D-4E5F-6071-8293-A4B5C6D7E8F9}.Release|x86.Build.0 = Release|Any CPU
		{2D25D5F7-0C3E-4A14-9D93-8F2C1D6D0D1B}.Debug|Any CPU.ActiveCfg = Debug|Any CPU
		{2D25D5F7-0C3E-4A14-9D93-8F2C1D6D0D1B}.Debug|Any CPU.Build.0 = Debug|Any CPU
		{2D25D5F7-0C3E-4A14-9D93-8F2C1D6D0D1B}.Debug|x64.ActiveCfg = Debug|Any CPU
		{2D25D5F7-0C3E-4A14-9D93-8F2C1D6D0D1B}.Debug|x64.Build.0 = Debug|Any CPU
		{2D25D5F7-0C3E-4A14-9D93-8F2C1D6D0D1B}.Debug|x86.ActiveCfg = Debug|Any CPU
		{2D25D5F7-0C3E-4A14-9D93-8F2C1D6D0D1B}.Debug|x86.Build.0 = Debug|Any CPU
		{2D25D5F7-0C3E-4A14-9D93-8F2C1D6D0D1B}.Release|Any CPU.ActiveCfg = Release|Any CPU
		{2D25D5F7-0C3E-4A14-9D93-8F2C1D6D0D1B}.Release|Any CPU.Build.0 = Release|Any CPU
		{2D25D5F7-0C3E-4A14-9D93-8F2C1D6D0D1B}.Release|x64.ActiveCfg = Release|Any CPU
		{2D25D5F7-0C3E-4A14-9D93-8F2C1D6D0D1B}.Release|x64.Build.0 = Release|Any CPU
		{2D25D5F7-0C3E-4A14-9D93-8F2C1D6D0D1B}.Release|x86.ActiveCfg = Release|Any CPU
		{2D25D5F7-0C3E-4A14-9D93-8F2C1D6D0D1B}.Release|x86.Build.0 = Release|Any CPU
		{9D4927A5-E582-45CF-9DC8-9FB5BC7A6C26}.Debug|Any CPU.ActiveCfg = Debug|Any CPU
		{9D4927A5-E582-45CF-9DC8-9FB5BC7A6C26}.Debug|Any CPU.Build.0 = Debug|Any CPU
		{9D4927A5-E582-45CF-9DC8-9FB5BC7A6C26}.Debug|x64.ActiveCfg = Debug|Any CPU
		{9D4927A5-E582-45CF-9DC8-9FB5BC7A6C26}.Debug|x64.Build.0 = Debug|Any CPU
		{9D4927A5-E582-45CF-9DC8-9FB5BC7A6C26}.Debug|x86.ActiveCfg = Debug|Any CPU
		{9D4927A5-E582-45CF-9DC8-9FB5BC7A6C26}.Debug|x86.Build.0 = Debug|Any CPU
		{9D4927A5-E582-45CF-9DC8-9FB5BC7A6C26}.Release|Any CPU.ActiveCfg = Release|Any CPU
		{9D4927A5-E582-45CF-9DC8-9FB5BC7A6C26}.Release|Any CPU.Build.0 = Release|Any CPU
		{9D4927A5-E582-45CF-9DC8-9FB5BC7A6C26}.Release|x64.ActiveCfg = Release|Any CPU
		{9D4927A5-E582-45CF-9DC8-9FB5BC7A6C26}.Release|x64.Build.0 = Release|Any CPU
		{9D4927A5-E582-45CF-9DC8-9FB5BC7A6C26}.Release|x86.ActiveCfg = Release|Any CPU
		{9D4927A5-E582-45CF-9DC8-9FB5BC7A6C26}.Release|x86.Build.0 = Release|Any CPU
	EndGlobalSection
	GlobalSection(SolutionProperties) = preSolution
		HideSolutionNode = FALSE
	EndGlobalSection
EndGlobal
